// !$*UTF8*$!
{
	archiveVersion = 1;
	classes = {
	};
	objectVersion = 46;
	objects = {

/* Begin PBXBuildFile section */
		4602CAE21C870E6500689814 /* AppDelegate.swift in Sources */ = {isa = PBXBuildFile; fileRef = 4602CAE11C870E6500689814 /* AppDelegate.swift */; };
		4602CAE41C870E6500689814 /* ViewController.swift in Sources */ = {isa = PBXBuildFile; fileRef = 4602CAE31C870E6500689814 /* ViewController.swift */; };
		4602CAE71C870E6500689814 /* Main.storyboard in Resources */ = {isa = PBXBuildFile; fileRef = 4602CAE51C870E6500689814 /* Main.storyboard */; };
		4602CAEA1C870E6500689814 /* wumoo_test.xcdatamodeld in Sources */ = {isa = PBXBuildFile; fileRef = 4602CAE81C870E6500689814 /* wumoo_test.xcdatamodeld */; };
		4602CAEC1C870E6500689814 /* Assets.xcassets in Resources */ = {isa = PBXBuildFile; fileRef = 4602CAEB1C870E6500689814 /* Assets.xcassets */; };
		4602CAEF1C870E6500689814 /* LaunchScreen.storyboard in Resources */ = {isa = PBXBuildFile; fileRef = 4602CAED1C870E6500689814 /* LaunchScreen.storyboard */; };
		4602CAFA1C870E6500689814 /* wumoo_testTests.swift in Sources */ = {isa = PBXBuildFile; fileRef = 4602CAF91C870E6500689814 /* wumoo_testTests.swift */; };
		4602CB051C870E6500689814 /* wumoo_testUITests.swift in Sources */ = {isa = PBXBuildFile; fileRef = 4602CB041C870E6500689814 /* wumoo_testUITests.swift */; };
/* End PBXBuildFile section */

/* Begin PBXContainerItemProxy section */
		4602CAF61C870E6500689814 /* PBXContainerItemProxy */ = {
			isa = PBXContainerItemProxy;
			containerPortal = 4602CAD61C870E6500689814 /* Project object */;
			proxyType = 1;
			remoteGlobalIDString = 4602CADD1C870E6500689814;
			remoteInfo = "wumoo-test";
		};
		4602CB011C870E6500689814 /* PBXContainerItemProxy */ = {
			isa = PBXContainerItemProxy;
			containerPortal = 4602CAD61C870E6500689814 /* Project object */;
			proxyType = 1;
			remoteGlobalIDString = 4602CADD1C870E6500689814;
			remoteInfo = "wumoo-test";
		};
/* End PBXContainerItemProxy section */

/* Begin PBXFileReference section */
		4602CADE1C870E6500689814 /* wumoo-test.app */ = {isa = PBXFileReference; explicitFileType = wrapper.application; includeInIndex = 0; path = "wumoo-test.app"; sourceTree = BUILT_PRODUCTS_DIR; };
		4602CAE11C870E6500689814 /* AppDelegate.swift */ = {isa = PBXFileReference; lastKnownFileType = sourcecode.swift; path = AppDelegate.swift; sourceTree = "<group>"; };
		4602CAE31C870E6500689814 /* ViewController.swift */ = {isa = PBXFileReference; lastKnownFileType = sourcecode.swift; path = ViewController.swift; sourceTree = "<group>"; };
		4602CAE61C870E6500689814 /* Base */ = {isa = PBXFileReference; lastKnownFileType = file.storyboard; name = Base; path = Base.lproj/Main.storyboard; sourceTree = "<group>"; };
		4602CAE91C870E6500689814 /* wumoo_test.xcdatamodel */ = {isa = PBXFileReference; lastKnownFileType = wrapper.xcdatamodel; path = wumoo_test.xcdatamodel; sourceTree = "<group>"; };
		4602CAEB1C870E6500689814 /* Assets.xcassets */ = {isa = PBXFileReference; lastKnownFileType = folder.assetcatalog; path = Assets.xcassets; sourceTree = "<group>"; };
		4602CAEE1C870E6500689814 /* Base */ = {isa = PBXFileReference; lastKnownFileType = file.storyboard; name = Base; path = Base.lproj/LaunchScreen.storyboard; sourceTree = "<group>"; };
		4602CAF01C870E6500689814 /* Info.plist */ = {isa = PBXFileReference; lastKnownFileType = text.plist.xml; path = Info.plist; sourceTree = "<group>"; };
		4602CAF51C870E6500689814 /* wumoo-testTests.xctest */ = {isa = PBXFileReference; explicitFileType = wrapper.cfbundle; includeInIndex = 0; path = "wumoo-testTests.xctest"; sourceTree = BUILT_PRODUCTS_DIR; };
		4602CAF91C870E6500689814 /* wumoo_testTests.swift */ = {isa = PBXFileReference; lastKnownFileType = sourcecode.swift; path = wumoo_testTests.swift; sourceTree = "<group>"; };
		4602CAFB1C870E6500689814 /* Info.plist */ = {isa = PBXFileReference; lastKnownFileType = text.plist.xml; path = Info.plist; sourceTree = "<group>"; };
		4602CB001C870E6500689814 /* wumoo-testUITests.xctest */ = {isa = PBXFileReference; explicitFileType = wrapper.cfbundle; includeInIndex = 0; path = "wumoo-testUITests.xctest"; sourceTree = BUILT_PRODUCTS_DIR; };
		4602CB041C870E6500689814 /* wumoo_testUITests.swift */ = {isa = PBXFileReference; lastKnownFileType = sourcecode.swift; path = wumoo_testUITests.swift; sourceTree = "<group>"; };
		4602CB061C870E6500689814 /* Info.plist */ = {isa = PBXFileReference; lastKnownFileType = text.plist.xml; path = Info.plist; sourceTree = "<group>"; };
/* End PBXFileReference section */

/* Begin PBXFrameworksBuildPhase section */
		4602CADB1C870E6500689814 /* Frameworks */ = {
			isa = PBXFrameworksBuildPhase;
			buildActionMask = 2147483647;
			files = (
			);
			runOnlyForDeploymentPostprocessing = 0;
		};
		4602CAF21C870E6500689814 /* Frameworks */ = {
			isa = PBXFrameworksBuildPhase;
			buildActionMask = 2147483647;
			files = (
			);
			runOnlyForDeploymentPostprocessing = 0;
		};
		4602CAFD1C870E6500689814 /* Frameworks */ = {
			isa = PBXFrameworksBuildPhase;
			buildActionMask = 2147483647;
			files = (
			);
			runOnlyForDeploymentPostprocessing = 0;
		};
/* End PBXFrameworksBuildPhase section */

/* Begin PBXGroup section */
		4602CAD51C870E6500689814 = {
			isa = PBXGroup;
			children = (
				4602CAE01C870E6500689814 /* wumoo-test */,
				4602CAF81C870E6500689814 /* wumoo-testTests */,
				4602CB031C870E6500689814 /* wumoo-testUITests */,
				4602CADF1C870E6500689814 /* Products */,
			);
			sourceTree = "<group>";
		};
		4602CADF1C870E6500689814 /* Products */ = {
			isa = PBXGroup;
			children = (
				4602CADE1C870E6500689814 /* wumoo-test.app */,
				4602CAF51C870E6500689814 /* wumoo-testTests.xctest */,
				4602CB001C870E6500689814 /* wumoo-testUITests.xctest */,
			);
			name = Products;
			sourceTree = "<group>";
		};
		4602CAE01C870E6500689814 /* wumoo-test */ = {
			isa = PBXGroup;
			children = (
				4602CAE11C870E6500689814 /* AppDelegate.swift */,
				4602CAE31C870E6500689814 /* ViewController.swift */,
				4602CAE51C870E6500689814 /* Main.storyboard */,
				4602CAEB1C870E6500689814 /* Assets.xcassets */,
				4602CAED1C870E6500689814 /* LaunchScreen.storyboard */,
				4602CAF01C870E6500689814 /* Info.plist */,
				4602CAE81C870E6500689814 /* wumoo_test.xcdatamodeld */,
			);
			path = "wumoo-test";
			sourceTree = "<group>";
		};
		4602CAF81C870E6500689814 /* wumoo-testTests */ = {
			isa = PBXGroup;
			children = (
				4602CAF91C870E6500689814 /* wumoo_testTests.swift */,
				4602CAFB1C870E6500689814 /* Info.plist */,
			);
			path = "wumoo-testTests";
			sourceTree = "<group>";
		};
		4602CB031C870E6500689814 /* wumoo-testUITests */ = {
			isa = PBXGroup;
			children = (
				4602CB041C870E6500689814 /* wumoo_testUITests.swift */,
				4602CB061C870E6500689814 /* Info.plist */,
			);
			path = "wumoo-testUITests";
			sourceTree = "<group>";
		};
/* End PBXGroup section */

/* Begin PBXNativeTarget section */
		4602CADD1C870E6500689814 /* wumoo-test */ = {
			isa = PBXNativeTarget;
			buildConfigurationList = 4602CB091C870E6500689814 /* Build configuration list for PBXNativeTarget "wumoo-test" */;
			buildPhases = (
				4602CADA1C870E6500689814 /* Sources */,
				4602CADB1C870E6500689814 /* Frameworks */,
				4602CADC1C870E6500689814 /* Resources */,
			);
			buildRules = (
			);
			dependencies = (
			);
			name = "wumoo-test";
			productName = "wumoo-test";
			productReference = 4602CADE1C870E6500689814 /* wumoo-test.app */;
			productType = "com.apple.product-type.application";
		};
		4602CAF41C870E6500689814 /* wumoo-testTests */ = {
			isa = PBXNativeTarget;
			buildConfigurationList = 4602CB0C1C870E6500689814 /* Build configuration list for PBXNativeTarget "wumoo-testTests" */;
			buildPhases = (
				4602CAF11C870E6500689814 /* Sources */,
				4602CAF21C870E6500689814 /* Frameworks */,
				4602CAF31C870E6500689814 /* Resources */,
			);
			buildRules = (
			);
			dependencies = (
				4602CAF71C870E6500689814 /* PBXTargetDependency */,
			);
			name = "wumoo-testTests";
			productName = "wumoo-testTests";
			productReference = 4602CAF51C870E6500689814 /* wumoo-testTests.xctest */;
			productType = "com.apple.product-type.bundle.unit-test";
		};
		4602CAFF1C870E6500689814 /* wumoo-testUITests */ = {
			isa = PBXNativeTarget;
			buildConfigurationList = 4602CB0F1C870E6500689814 /* Build configuration list for PBXNativeTarget "wumoo-testUITests" */;
			buildPhases = (
				4602CAFC1C870E6500689814 /* Sources */,
				4602CAFD1C870E6500689814 /* Frameworks */,
				4602CAFE1C870E6500689814 /* Resources */,
			);
			buildRules = (
			);
			dependencies = (
				4602CB021C870E6500689814 /* PBXTargetDependency */,
			);
			name = "wumoo-testUITests";
			productName = "wumoo-testUITests";
			productReference = 4602CB001C870E6500689814 /* wumoo-testUITests.xctest */;
			productType = "com.apple.product-type.bundle.ui-testing";
		};
/* End PBXNativeTarget section */

/* Begin PBXProject section */
		4602CAD61C870E6500689814 /* Project object */ = {
			isa = PBXProject;
			attributes = {
				LastSwiftUpdateCheck = 0720;
				LastUpgradeCheck = 0720;
				ORGANIZATIONNAME = "José María Delgado ";
				TargetAttributes = {
					4602CADD1C870E6500689814 = {
						CreatedOnToolsVersion = 7.2.1;
					};
					4602CAF41C870E6500689814 = {
						CreatedOnToolsVersion = 7.2.1;
						TestTargetID = 4602CADD1C870E6500689814;
					};
					4602CAFF1C870E6500689814 = {
						CreatedOnToolsVersion = 7.2.1;
						TestTargetID = 4602CADD1C870E6500689814;
					};
				};
			};
			buildConfigurationList = 4602CAD91C870E6500689814 /* Build configuration list for PBXProject "wumoo-test" */;
			compatibilityVersion = "Xcode 3.2";
			developmentRegion = English;
			hasScannedForEncodings = 0;
			knownRegions = (
				en,
				Base,
			);
			mainGroup = 4602CAD51C870E6500689814;
			productRefGroup = 4602CADF1C870E6500689814 /* Products */;
			projectDirPath = "";
			projectRoot = "";
			targets = (
				4602CADD1C870E6500689814 /* wumoo-test */,
				4602CAF41C870E6500689814 /* wumoo-testTests */,
				4602CAFF1C870E6500689814 /* wumoo-testUITests */,
			);
		};
/* End PBXProject section */

/* Begin PBXResourcesBuildPhase section */
		4602CADC1C870E6500689814 /* Resources */ = {
			isa = PBXResourcesBuildPhase;
			buildActionMask = 2147483647;
			files = (
				4602CAEF1C870E6500689814 /* LaunchScreen.storyboard in Resources */,
				4602CAEC1C870E6500689814 /* Assets.xcassets in Resources */,
				4602CAE71C870E6500689814 /* Main.storyboard in Resources */,
			);
			runOnlyForDeploymentPostprocessing = 0;
		};
		4602CAF31C870E6500689814 /* Resources */ = {
			isa = PBXResourcesBuildPhase;
			buildActionMask = 2147483647;
			files = (
			);
			runOnlyForDeploymentPostprocessing = 0;
		};
		4602CAFE1C870E6500689814 /* Resources */ = {
			isa = PBXResourcesBuildPhase;
			buildActionMask = 2147483647;
			files = (
			);
			runOnlyForDeploymentPostprocessing = 0;
		};
/* End PBXResourcesBuildPhase section */

/* Begin PBXSourcesBuildPhase section */
		4602CADA1C870E6500689814 /* Sources */ = {
			isa = PBXSourcesBuildPhase;
			buildActionMask = 2147483647;
			files = (
				4602CAEA1C870E6500689814 /* wumoo_test.xcdatamodeld in Sources */,
				4602CAE41C870E6500689814 /* ViewController.swift in Sources */,
				4602CAE21C870E6500689814 /* AppDelegate.swift in Sources */,
			);
			runOnlyForDeploymentPostprocessing = 0;
		};
		4602CAF11C870E6500689814 /* Sources */ = {
			isa = PBXSourcesBuildPhase;
			buildActionMask = 2147483647;
			files = (
				4602CAFA1C870E6500689814 /* wumoo_testTests.swift in Sources */,
			);
			runOnlyForDeploymentPostprocessing = 0;
		};
		4602CAFC1C870E6500689814 /* Sources */ = {
			isa = PBXSourcesBuildPhase;
			buildActionMask = 2147483647;
			files = (
				4602CB051C870E6500689814 /* wumoo_testUITests.swift in Sources */,
			);
			runOnlyForDeploymentPostprocessing = 0;
		};
/* End PBXSourcesBuildPhase section */

/* Begin PBXTargetDependency section */
		4602CAF71C870E6500689814 /* PBXTargetDependency */ = {
			isa = PBXTargetDependency;
			target = 4602CADD1C870E6500689814 /* wumoo-test */;
			targetProxy = 4602CAF61C870E6500689814 /* PBXContainerItemProxy */;
		};
		4602CB021C870E6500689814 /* PBXTargetDependency */ = {
			isa = PBXTargetDependency;
			target = 4602CADD1C870E6500689814 /* wumoo-test */;
			targetProxy = 4602CB011C870E6500689814 /* PBXContainerItemProxy */;
		};
/* End PBXTargetDependency section */

/* Begin PBXVariantGroup section */
		4602CAE51C870E6500689814 /* Main.storyboard */ = {
			isa = PBXVariantGroup;
			children = (
				4602CAE61C870E6500689814 /* Base */,
			);
			name = Main.storyboard;
			sourceTree = "<group>";
		};
		4602CAED1C870E6500689814 /* LaunchScreen.storyboard */ = {
			isa = PBXVariantGroup;
			children = (
				4602CAEE1C870E6500689814 /* Base */,
			);
			name = LaunchScreen.storyboard;
			sourceTree = "<group>";
		};
/* End PBXVariantGroup section */

/* Begin XCBuildConfiguration section */
		4602CB071C870E6500689814 /* Debug */ = {
			isa = XCBuildConfiguration;
			buildSettings = {
				ALWAYS_SEARCH_USER_PATHS = NO;
				CLANG_CXX_LANGUAGE_STANDARD = "gnu++0x";
				CLANG_CXX_LIBRARY = "libc++";
				CLANG_ENABLE_MODULES = YES;
				CLANG_ENABLE_OBJC_ARC = YES;
				CLANG_WARN_BOOL_CONVERSION = YES;
				CLANG_WARN_CONSTANT_CONVERSION = YES;
				CLANG_WARN_DIRECT_OBJC_ISA_USAGE = YES_ERROR;
				CLANG_WARN_EMPTY_BODY = YES;
				CLANG_WARN_ENUM_CONVERSION = YES;
				CLANG_WARN_INT_CONVERSION = YES;
				CLANG_WARN_OBJC_ROOT_CLASS = YES_ERROR;
				CLANG_WARN_UNREACHABLE_CODE = YES;
				CLANG_WARN__DUPLICATE_METHOD_MATCH = YES;
				"CODE_SIGN_IDENTITY[sdk=iphoneos*]" = "iPhone Developer";
				COPY_PHASE_STRIP = NO;
				DEBUG_INFORMATION_FORMAT = dwarf;
				ENABLE_STRICT_OBJC_MSGSEND = YES;
				ENABLE_TESTABILITY = YES;
				GCC_C_LANGUAGE_STANDARD = gnu99;
				GCC_DYNAMIC_NO_PIC = NO;
				GCC_NO_COMMON_BLOCKS = YES;
				GCC_OPTIMIZATION_LEVEL = 0;
				GCC_PREPROCESSOR_DEFINITIONS = (
					"DEBUG=1",
					"$(inherited)",
				);
				GCC_WARN_64_TO_32_BIT_CONVERSION = YES;
				GCC_WARN_ABOUT_RETURN_TYPE = YES_ERROR;
				GCC_WARN_UNDECLARED_SELECTOR = YES;
				GCC_WARN_UNINITIALIZED_AUTOS = YES_AGGRESSIVE;
				GCC_WARN_UNUSED_FUNCTION = YES;
				GCC_WARN_UNUSED_VARIABLE = YES;
				IPHONEOS_DEPLOYMENT_TARGET = 9.2;
				MTL_ENABLE_DEBUG_INFO = YES;
				ONLY_ACTIVE_ARCH = YES;
				SDKROOT = iphoneos;
				SWIFT_OPTIMIZATION_LEVEL = "-Onone";
			};
			name = Debug;
		};
		4602CB081C870E6500689814 /* Release */ = {
			isa = XCBuildConfiguration;
			buildSettings = {
				ALWAYS_SEARCH_USER_PATHS = NO;
				CLANG_CXX_LANGUAGE_STANDARD = "gnu++0x";
				CLANG_CXX_LIBRARY = "libc++";
				CLANG_ENABLE_MODULES = YES;
				CLANG_ENABLE_OBJC_ARC = YES;
				CLANG_WARN_BOOL_CONVERSION = YES;
				CLANG_WARN_CONSTANT_CONVERSION = YES;
				CLANG_WARN_DIRECT_OBJC_ISA_USAGE = YES_ERROR;
				CLANG_WARN_EMPTY_BODY = YES;
				CLANG_WARN_ENUM_CONVERSION = YES;
				CLANG_WARN_INT_CONVERSION = YES;
				CLANG_WARN_OBJC_ROOT_CLASS = YES_ERROR;
				CLANG_WARN_UNREACHABLE_CODE = YES;
				CLANG_WARN__DUPLICATE_METHOD_MATCH = YES;
				"CODE_SIGN_IDENTITY[sdk=iphoneos*]" = "iPhone Developer";
				COPY_PHASE_STRIP = NO;
				DEBUG_INFORMATION_FORMAT = "dwarf-with-dsym";
				ENABLE_NS_ASSERTIONS = NO;
				ENABLE_STRICT_OBJC_MSGSEND = YES;
				GCC_C_LANGUAGE_STANDARD = gnu99;
				GCC_NO_COMMON_BLOCKS = YES;
				GCC_WARN_64_TO_32_BIT_CONVERSION = YES;
				GCC_WARN_ABOUT_RETURN_TYPE = YES_ERROR;
				GCC_WARN_UNDECLARED_SELECTOR = YES;
				GCC_WARN_UNINITIALIZED_AUTOS = YES_AGGRESSIVE;
				GCC_WARN_UNUSED_FUNCTION = YES;
				GCC_WARN_UNUSED_VARIABLE = YES;
				IPHONEOS_DEPLOYMENT_TARGET = 9.2;
				MTL_ENABLE_DEBUG_INFO = NO;
				SDKROOT = iphoneos;
				VALIDATE_PRODUCT = YES;
			};
			name = Release;
		};
		4602CB0A1C870E6500689814 /* Debug */ = {
			isa = XCBuildConfiguration;
			buildSettings = {
				ASSETCATALOG_COMPILER_APPICON_NAME = AppIcon;
				INFOPLIST_FILE = "wumoo-test/Info.plist";
				LD_RUNPATH_SEARCH_PATHS = "$(inherited) @executable_path/Frameworks";
				PRODUCT_BUNDLE_IDENTIFIER = "com.JoseMariaDelgado.wumoo-test";
				PRODUCT_NAME = "$(TARGET_NAME)";
			};
			name = Debug;
		};
		4602CB0B1C870E6500689814 /* Release */ = {
			isa = XCBuildConfiguration;
			buildSettings = {
				ASSETCATALOG_COMPILER_APPICON_NAME = AppIcon;
				INFOPLIST_FILE = "wumoo-test/Info.plist";
				LD_RUNPATH_SEARCH_PATHS = "$(inherited) @executable_path/Frameworks";
				PRODUCT_BUNDLE_IDENTIFIER = "com.JoseMariaDelgado.wumoo-test";
				PRODUCT_NAME = "$(TARGET_NAME)";
			};
			name = Release;
		};
		4602CB0D1C870E6500689814 /* Debug */ = {
			isa = XCBuildConfiguration;
			buildSettings = {
				BUNDLE_LOADER = "$(TEST_HOST)";
				INFOPLIST_FILE = "wumoo-testTests/Info.plist";
				LD_RUNPATH_SEARCH_PATHS = "$(inherited) @executable_path/Frameworks @loader_path/Frameworks";
				PRODUCT_BUNDLE_IDENTIFIER = "com.JoseMariaDelgado.wumoo-testTests";
				PRODUCT_NAME = "$(TARGET_NAME)";
				TEST_HOST = "$(BUILT_PRODUCTS_DIR)/wumoo-test.app/wumoo-test";
			};
			name = Debug;
		};
		4602CB0E1C870E6500689814 /* Release */ = {
			isa = XCBuildConfiguration;
			buildSettings = {
				BUNDLE_LOADER = "$(TEST_HOST)";
				INFOPLIST_FILE = "wumoo-testTests/Info.plist";
				LD_RUNPATH_SEARCH_PATHS = "$(inherited) @executable_path/Frameworks @loader_path/Frameworks";
				PRODUCT_BUNDLE_IDENTIFIER = "com.JoseMariaDelgado.wumoo-testTests";
				PRODUCT_NAME = "$(TARGET_NAME)";
				TEST_HOST = "$(BUILT_PRODUCTS_DIR)/wumoo-test.app/wumoo-test";
			};
			name = Release;
		};
		4602CB101C870E6500689814 /* Debug */ = {
			isa = XCBuildConfiguration;
			buildSettings = {
				INFOPLIST_FILE = "wumoo-testUITests/Info.plist";
				LD_RUNPATH_SEARCH_PATHS = "$(inherited) @executable_path/Frameworks @loader_path/Frameworks";
				PRODUCT_BUNDLE_IDENTIFIER = "com.JoseMariaDelgado.wumoo-testUITests";
				PRODUCT_NAME = "$(TARGET_NAME)";
				TEST_TARGET_NAME = "wumoo-test";
				USES_XCTRUNNER = YES;
			};
			name = Debug;
		};
		4602CB111C870E6500689814 /* Release */ = {
			isa = XCBuildConfiguration;
			buildSettings = {
				INFOPLIST_FILE = "wumoo-testUITests/Info.plist";
				LD_RUNPATH_SEARCH_PATHS = "$(inherited) @executable_path/Frameworks @loader_path/Frameworks";
				PRODUCT_BUNDLE_IDENTIFIER = "com.JoseMariaDelgado.wumoo-testUITests";
				PRODUCT_NAME = "$(TARGET_NAME)";
				TEST_TARGET_NAME = "wumoo-test";
				USES_XCTRUNNER = YES;
			};
			name = Release;
		};
/* End XCBuildConfiguration section */

/* Begin XCConfigurationList section */
		4602CAD91C870E6500689814 /* Build configuration list for PBXProject "wumoo-test" */ = {
			isa = XCConfigurationList;
			buildConfigurations = (
				4602CB071C870E6500689814 /* Debug */,
				4602CB081C870E6500689814 /* Release */,
			);
			defaultConfigurationIsVisible = 0;
			defaultConfigurationName = Release;
		};
		4602CB091C870E6500689814 /* Build configuration list for PBXNativeTarget "wumoo-test" */ = {
			isa = XCConfigurationList;
			buildConfigurations = (
				4602CB0A1C870E6500689814 /* Debug */,
				4602CB0B1C870E6500689814 /* Release */,
			);
			defaultConfigurationIsVisible = 0;
		};
		4602CB0C1C870E6500689814 /* Build configuration list for PBXNativeTarget "wumoo-testTests" */ = {
			isa = XCConfigurationList;
			buildConfigurations = (
				4602CB0D1C870E6500689814 /* Debug */,
				4602CB0E1C870E6500689814 /* Release */,
			);
			defaultConfigurationIsVisible = 0;
		};
		4602CB0F1C870E6500689814 /* Build configuration list for PBXNativeTarget "wumoo-testUITests" */ = {
			isa = XCConfigurationList;
			buildConfigurations = (
				4602CB101C870E6500689814 /* Debug */,
				4602CB111C870E6500689814 /* Release */,
			);
			defaultConfigurationIsVisible = 0;
		};
/* End XCConfigurationList section */

/* Begin XCVersionGroup section */
		4602CAE81C870E6500689814 /* wumoo_test.xcdatamodeld */ = {
			isa = XCVersionGroup;
			children = (
				4602CAE91C870E6500689814 /* wumoo_test.xcdatamodel */,
			);
			currentVersion = 4602CAE91C870E6500689814 /* wumoo_test.xcdatamodel */;
			path = wumoo_test.xcdatamodeld;
			sourceTree = "<group>";
			versionGroupType = wrapper.xcdatamodel;
		};
/* End XCVersionGroup section */
	};
	rootObject = 4602CAD61C870E6500689814 /* Project object */;
}
